// !$*UTF8*$!
{
	archiveVersion = 1;
	classes = {
	};
	objectVersion = 50;
	objects = {

/* Begin PBXBuildFile section */
		648E80492224B28E001FEFB7 /* RatingControl.swift in Sources */ = {isa = PBXBuildFile; fileRef = 648E80482224B28E001FEFB7 /* RatingControl.swift */; };
		648E804B2226CD73001FEFB7 /* Meal.swift in Sources */ = {isa = PBXBuildFile; fileRef = 648E804A2226CD73001FEFB7 /* Meal.swift */; };
		648E804D2226EAAD001FEFB7 /* MealTableViewCell.swift in Sources */ = {isa = PBXBuildFile; fileRef = 648E804C2226EAAD001FEFB7 /* MealTableViewCell.swift */; };
		648E804F22276DA2001FEFB7 /* MealTableViewController.swift in Sources */ = {isa = PBXBuildFile; fileRef = 648E804E22276DA2001FEFB7 /* MealTableViewController.swift */; };
		64C2E951221AF4E500F40AFB /* AppDelegate.swift in Sources */ = {isa = PBXBuildFile; fileRef = 64C2E950221AF4E500F40AFB /* AppDelegate.swift */; };
		64C2E953221AF4E500F40AFB /* MealViewController.swift in Sources */ = {isa = PBXBuildFile; fileRef = 64C2E952221AF4E500F40AFB /* MealViewController.swift */; };
		64C2E956221AF4E500F40AFB /* Main.storyboard in Resources */ = {isa = PBXBuildFile; fileRef = 64C2E954221AF4E500F40AFB /* Main.storyboard */; };
		64C2E958221AF4EA00F40AFB /* Assets.xcassets in Resources */ = {isa = PBXBuildFile; fileRef = 64C2E957221AF4EA00F40AFB /* Assets.xcassets */; };
		64C2E95B221AF4EA00F40AFB /* LaunchScreen.storyboard in Resources */ = {isa = PBXBuildFile; fileRef = 64C2E959221AF4EA00F40AFB /* LaunchScreen.storyboard */; };
		64C2E966221AF4EB00F40AFB /* FoodTrackerZMBUITests.swift in Sources */ = {isa = PBXBuildFile; fileRef = 64C2E965221AF4EB00F40AFB /* FoodTrackerZMBUITests.swift */; };
/* End PBXBuildFile section */

/* Begin PBXContainerItemProxy section */
		64C2E962221AF4EB00F40AFB /* PBXContainerItemProxy */ = {
			isa = PBXContainerItemProxy;
			containerPortal = 64C2E945221AF4E500F40AFB /* Project object */;
			proxyType = 1;
			remoteGlobalIDString = 64C2E94C221AF4E500F40AFB;
			remoteInfo = FoodTrackerZMB;
		};
/* End PBXContainerItemProxy section */

/* Begin PBXFileReference section */
		648E80482224B28E001FEFB7 /* RatingControl.swift */ = {isa = PBXFileReference; lastKnownFileType = sourcecode.swift; path = RatingControl.swift; sourceTree = "<group>"; };
		648E804A2226CD73001FEFB7 /* Meal.swift */ = {isa = PBXFileReference; lastKnownFileType = sourcecode.swift; path = Meal.swift; sourceTree = "<group>"; };
		648E804C2226EAAD001FEFB7 /* MealTableViewCell.swift */ = {isa = PBXFileReference; lastKnownFileType = sourcecode.swift; path = MealTableViewCell.swift; sourceTree = "<group>"; };
		648E804E22276DA2001FEFB7 /* MealTableViewController.swift */ = {isa = PBXFileReference; lastKnownFileType = sourcecode.swift; path = MealTableViewController.swift; sourceTree = "<group>"; };
		64C2E94D221AF4E500F40AFB /* FoodTrackerZMB.app */ = {isa = PBXFileReference; explicitFileType = wrapper.application; includeInIndex = 0; path = FoodTrackerZMB.app; sourceTree = BUILT_PRODUCTS_DIR; };
		64C2E950221AF4E500F40AFB /* AppDelegate.swift */ = {isa = PBXFileReference; lastKnownFileType = sourcecode.swift; path = AppDelegate.swift; sourceTree = "<group>"; };
		64C2E952221AF4E500F40AFB /* MealViewController.swift */ = {isa = PBXFileReference; lastKnownFileType = sourcecode.swift; path = MealViewController.swift; sourceTree = "<group>"; };
		64C2E955221AF4E500F40AFB /* Base */ = {isa = PBXFileReference; lastKnownFileType = file.storyboard; name = Base; path = Base.lproj/Main.storyboard; sourceTree = "<group>"; };
		64C2E957221AF4EA00F40AFB /* Assets.xcassets */ = {isa = PBXFileReference; lastKnownFileType = folder.assetcatalog; path = Assets.xcassets; sourceTree = "<group>"; };
		64C2E95A221AF4EA00F40AFB /* Base */ = {isa = PBXFileReference; lastKnownFileType = file.storyboard; name = Base; path = Base.lproj/LaunchScreen.storyboard; sourceTree = "<group>"; };
		64C2E95C221AF4EA00F40AFB /* Info.plist */ = {isa = PBXFileReference; lastKnownFileType = text.plist.xml; path = Info.plist; sourceTree = "<group>"; };
		64C2E961221AF4EB00F40AFB /* FoodTrackerZMBUITests.xctest */ = {isa = PBXFileReference; explicitFileType = wrapper.cfbundle; includeInIndex = 0; path = FoodTrackerZMBUITests.xctest; sourceTree = BUILT_PRODUCTS_DIR; };
		64C2E965221AF4EB00F40AFB /* FoodTrackerZMBUITests.swift */ = {isa = PBXFileReference; lastKnownFileType = sourcecode.swift; path = FoodTrackerZMBUITests.swift; sourceTree = "<group>"; };
		64C2E967221AF4EB00F40AFB /* Info.plist */ = {isa = PBXFileReference; lastKnownFileType = text.plist.xml; path = Info.plist; sourceTree = "<group>"; };
/* End PBXFileReference section */

/* Begin PBXFrameworksBuildPhase section */
		64C2E94A221AF4E500F40AFB /* Frameworks */ = {
			isa = PBXFrameworksBuildPhase;
			buildActionMask = 2147483647;
			files = (
			);
			runOnlyForDeploymentPostprocessing = 0;
		};
		64C2E95E221AF4EB00F40AFB /* Frameworks */ = {
			isa = PBXFrameworksBuildPhase;
			buildActionMask = 2147483647;
			files = (
			);
			runOnlyForDeploymentPostprocessing = 0;
		};
/* End PBXFrameworksBuildPhase section */

/* Begin PBXGroup section */
		64C2E944221AF4E500F40AFB = {
			isa = PBXGroup;
			children = (
				64C2E94F221AF4E500F40AFB /* FoodTrackerZMB */,
				64C2E964221AF4EB00F40AFB /* FoodTrackerZMBUITests */,
				64C2E94E221AF4E500F40AFB /* Products */,
			);
			sourceTree = "<group>";
		};
		64C2E94E221AF4E500F40AFB /* Products */ = {
			isa = PBXGroup;
			children = (
				64C2E94D221AF4E500F40AFB /* FoodTrackerZMB.app */,
				64C2E961221AF4EB00F40AFB /* FoodTrackerZMBUITests.xctest */,
			);
			name = Products;
			sourceTree = "<group>";
		};
		64C2E94F221AF4E500F40AFB /* FoodTrackerZMB */ = {
			isa = PBXGroup;
			children = (
				64C2E950221AF4E500F40AFB /* AppDelegate.swift */,
				64C2E952221AF4E500F40AFB /* MealViewController.swift */,
				648E80482224B28E001FEFB7 /* RatingControl.swift */,
				648E804A2226CD73001FEFB7 /* Meal.swift */,
				648E804C2226EAAD001FEFB7 /* MealTableViewCell.swift */,
				648E804E22276DA2001FEFB7 /* MealTableViewController.swift */,
				64C2E954221AF4E500F40AFB /* Main.storyboard */,
				64C2E957221AF4EA00F40AFB /* Assets.xcassets */,
				64C2E959221AF4EA00F40AFB /* LaunchScreen.storyboard */,
				64C2E95C221AF4EA00F40AFB /* Info.plist */,
			);
			path = FoodTrackerZMB;
			sourceTree = "<group>";
		};
		64C2E964221AF4EB00F40AFB /* FoodTrackerZMBUITests */ = {
			isa = PBXGroup;
			children = (
				64C2E965221AF4EB00F40AFB /* FoodTrackerZMBUITests.swift */,
				64C2E967221AF4EB00F40AFB /* Info.plist */,
			);
			path = FoodTrackerZMBUITests;
			sourceTree = "<group>";
		};
/* End PBXGroup section */

/* Begin PBXNativeTarget section */
		64C2E94C221AF4E500F40AFB /* FoodTrackerZMB */ = {
			isa = PBXNativeTarget;
			buildConfigurationList = 64C2E96A221AF4EB00F40AFB /* Build configuration list for PBXNativeTarget "FoodTrackerZMB" */;
			buildPhases = (
				64C2E949221AF4E500F40AFB /* Sources */,
				64C2E94A221AF4E500F40AFB /* Frameworks */,
				64C2E94B221AF4E500F40AFB /* Resources */,
			);
			buildRules = (
			);
			dependencies = (
			);
			name = FoodTrackerZMB;
			productName = FoodTrackerZMB;
			productReference = 64C2E94D221AF4E500F40AFB /* FoodTrackerZMB.app */;
			productType = "com.apple.product-type.application";
		};
		64C2E960221AF4EB00F40AFB /* FoodTrackerZMBUITests */ = {
			isa = PBXNativeTarget;
			buildConfigurationList = 64C2E96D221AF4EB00F40AFB /* Build configuration list for PBXNativeTarget "FoodTrackerZMBUITests" */;
			buildPhases = (
				64C2E95D221AF4EB00F40AFB /* Sources */,
				64C2E95E221AF4EB00F40AFB /* Frameworks */,
				64C2E95F221AF4EB00F40AFB /* Resources */,
			);
			buildRules = (
			);
			dependencies = (
				64C2E963221AF4EB00F40AFB /* PBXTargetDependency */,
			);
			name = FoodTrackerZMBUITests;
			productName = FoodTrackerZMBUITests;
			productReference = 64C2E961221AF4EB00F40AFB /* FoodTrackerZMBUITests.xctest */;
			productType = "com.apple.product-type.bundle.ui-testing";
		};
/* End PBXNativeTarget section */

/* Begin PBXProject section */
		64C2E945221AF4E500F40AFB /* Project object */ = {
			isa = PBXProject;
			attributes = {
				LastSwiftUpdateCheck = 1010;
				LastUpgradeCheck = 1010;
				ORGANIZATIONNAME = "Zane Burton";
				TargetAttributes = {
					64C2E94C221AF4E500F40AFB = {
						CreatedOnToolsVersion = 10.1;
					};
					64C2E960221AF4EB00F40AFB = {
						CreatedOnToolsVersion = 10.1;
						TestTargetID = 64C2E94C221AF4E500F40AFB;
					};
				};
			};
			buildConfigurationList = 64C2E948221AF4E500F40AFB /* Build configuration list for PBXProject "FoodTrackerZMB" */;
			compatibilityVersion = "Xcode 9.3";
			developmentRegion = en;
			hasScannedForEncodings = 0;
			knownRegions = (
				en,
				Base,
			);
			mainGroup = 64C2E944221AF4E500F40AFB;
			productRefGroup = 64C2E94E221AF4E500F40AFB /* Products */;
			projectDirPath = "";
			projectRoot = "";
			targets = (
				64C2E94C221AF4E500F40AFB /* FoodTrackerZMB */,
				64C2E960221AF4EB00F40AFB /* FoodTrackerZMBUITests */,
			);
		};
/* End PBXProject section */

/* Begin PBXResourcesBuildPhase section */
		64C2E94B221AF4E500F40AFB /* Resources */ = {
			isa = PBXResourcesBuildPhase;
			buildActionMask = 2147483647;
			files = (
				64C2E95B221AF4EA00F40AFB /* LaunchScreen.storyboard in Resources */,
				64C2E958221AF4EA00F40AFB /* Assets.xcassets in Resources */,
				64C2E956221AF4E500F40AFB /* Main.storyboard in Resources */,
			);
			runOnlyForDeploymentPostprocessing = 0;
		};
		64C2E95F221AF4EB00F40AFB /* Resources */ = {
			isa = PBXResourcesBuildPhase;
			buildActionMask = 2147483647;
			files = (
			);
			runOnlyForDeploymentPostprocessing = 0;
		};
/* End PBXResourcesBuildPhase section */

/* Begin PBXSourcesBuildPhase section */
		64C2E949221AF4E500F40AFB /* Sources */ = {
			isa = PBXSourcesBuildPhase;
			buildActionMask = 2147483647;
			files = (
				648E804B2226CD73001FEFB7 /* Meal.swift in Sources */,
				64C2E953221AF4E500F40AFB /* MealViewController.swift in Sources */,
				648E80492224B28E001FEFB7 /* RatingControl.swift in Sources */,
				64C2E951221AF4E500F40AFB /* AppDelegate.swift in Sources */,
				648E804F22276DA2001FEFB7 /* MealTableViewController.swift in Sources */,
				648E804D2226EAAD001FEFB7 /* MealTableViewCell.swift in Sources */,
			);
			runOnlyForDeploymentPostprocessing = 0;
		};
		64C2E95D221AF4EB00F40AFB /* Sources */ = {
			isa = PBXSourcesBuildPhase;
			buildActionMask = 2147483647;
			files = (
				64C2E966221AF4EB00F40AFB /* FoodTrackerZMBUITests.swift in Sources */,
			);
			runOnlyForDeploymentPostprocessing = 0;
		};
/* End PBXSourcesBuildPhase section */

/* Begin PBXTargetDependency section */
		64C2E963221AF4EB00F40AFB /* PBXTargetDependency */ = {
			isa = PBXTargetDependency;
			target = 64C2E94C221AF4E500F40AFB /* FoodTrackerZMB */;
			targetProxy = 64C2E962221AF4EB00F40AFB /* PBXContainerItemProxy */;
		};
/* End PBXTargetDependency section */

/* Begin PBXVariantGroup section */
		64C2E954221AF4E500F40AFB /* Main.storyboard */ = {
			isa = PBXVariantGroup;
			children = (
				64C2E955221AF4E500F40AFB /* Base */,
			);
			name = Main.storyboard;
			sourceTree = "<group>";
		};
		64C2E959221AF4EA00F40AFB /* LaunchScreen.storyboard */ = {
			isa = PBXVariantGroup;
			children = (
				64C2E95A221AF4EA00F40AFB /* Base */,
			);
			name = LaunchScreen.storyboard;
			sourceTree = "<group>";
		};
/* End PBXVariantGroup section */

/* Begin XCBuildConfiguration section */
		64C2E968221AF4EB00F40AFB /* Debug */ = {
			isa = XCBuildConfiguration;
			buildSettings = {
				ALWAYS_SEARCH_USER_PATHS = NO;
				CLANG_ANALYZER_NONNULL = YES;
				CLANG_ANALYZER_NUMBER_OBJECT_CONVERSION = YES_AGGRESSIVE;
				CLANG_CXX_LANGUAGE_STANDARD = "gnu++14";
				CLANG_CXX_LIBRARY = "libc++";
				CLANG_ENABLE_MODULES = YES;
				CLANG_ENABLE_OBJC_ARC = YES;
				CLANG_ENABLE_OBJC_WEAK = YES;
				CLANG_WARN_BLOCK_CAPTURE_AUTORELEASING = YES;
				CLANG_WARN_BOOL_CONVERSION = YES;
				CLANG_WARN_COMMA = YES;
				CLANG_WARN_CONSTANT_CONVERSION = YES;
				CLANG_WARN_DEPRECATED_OBJC_IMPLEMENTATIONS = YES;
				CLANG_WARN_DIRECT_OBJC_ISA_USAGE = YES_ERROR;
				CLANG_WARN_DOCUMENTATION_COMMENTS = YES;
				CLANG_WARN_EMPTY_BODY = YES;
				CLANG_WARN_ENUM_CONVERSION = YES;
				CLANG_WARN_INFINITE_RECURSION = YES;
				CLANG_WARN_INT_CONVERSION = YES;
				CLANG_WARN_NON_LITERAL_NULL_CONVERSION = YES;
				CLANG_WARN_OBJC_IMPLICIT_RETAIN_SELF = YES;
				CLANG_WARN_OBJC_LITERAL_CONVERSION = YES;
				CLANG_WARN_OBJC_ROOT_CLASS = YES_ERROR;
				CLANG_WARN_RANGE_LOOP_ANALYSIS = YES;
				CLANG_WARN_STRICT_PROTOTYPES = YES;
				CLANG_WARN_SUSPICIOUS_MOVE = YES;
				CLANG_WARN_UNGUARDED_AVAILABILITY = YES_AGGRESSIVE;
				CLANG_WARN_UNREACHABLE_CODE = YES;
				CLANG_WARN__DUPLICATE_METHOD_MATCH = YES;
				CODE_SIGN_IDENTITY = "iPhone Developer";
				COPY_PHASE_STRIP = NO;
				DEBUG_INFORMATION_FORMAT = dwarf;
				ENABLE_STRICT_OBJC_MSGSEND = YES;
				ENABLE_TESTABILITY = YES;
				GCC_C_LANGUAGE_STANDARD = gnu11;
				GCC_DYNAMIC_NO_PIC = NO;
				GCC_NO_COMMON_BLOCKS = YES;
				GCC_OPTIMIZATION_LEVEL = 0;
				GCC_PREPROCESSOR_DEFINITIONS = (
					"DEBUG=1",
					"$(inherited)",
				);
				GCC_WARN_64_TO_32_BIT_CONVERSION = YES;
				GCC_WARN_ABOUT_RETURN_TYPE = YES_ERROR;
				GCC_WARN_UNDECLARED_SELECTOR = YES;
				GCC_WARN_UNINITIALIZED_AUTOS = YES_AGGRESSIVE;
				GCC_WARN_UNUSED_FUNCTION = YES;
				GCC_WARN_UNUSED_VARIABLE = YES;
				IPHONEOS_DEPLOYMENT_TARGET = 12.1;
				MTL_ENABLE_DEBUG_INFO = INCLUDE_SOURCE;
				MTL_FAST_MATH = YES;
				ONLY_ACTIVE_ARCH = YES;
				SDKROOT = iphoneos;
				SWIFT_ACTIVE_COMPILATION_CONDITIONS = DEBUG;
				SWIFT_OPTIMIZATION_LEVEL = "-Onone";
			};
			name = Debug;
		};
		64C2E969221AF4EB00F40AFB /* Release */ = {
			isa = XCBuildConfiguration;
			buildSettings = {
				ALWAYS_SEARCH_USER_PATHS = NO;
				CLANG_ANALYZER_NONNULL = YES;
				CLANG_ANALYZER_NUMBER_OBJECT_CONVERSION = YES_AGGRESSIVE;
				CLANG_CXX_LANGUAGE_STANDARD = "gnu++14";
				CLANG_CXX_LIBRARY = "libc++";
				CLANG_ENABLE_MODULES = YES;
				CLANG_ENABLE_OBJC_ARC = YES;
				CLANG_ENABLE_OBJC_WEAK = YES;
				CLANG_WARN_BLOCK_CAPTURE_AUTORELEASING = YES;
				CLANG_WARN_BOOL_CONVERSION = YES;
				CLANG_WARN_COMMA = YES;
				CLANG_WARN_CONSTANT_CONVERSION = YES;
				CLANG_WARN_DEPRECATED_OBJC_IMPLEMENTATIONS = YES;
				CLANG_WARN_DIRECT_OBJC_ISA_USAGE = YES_ERROR;
				CLANG_WARN_DOCUMENTATION_COMMENTS = YES;
				CLANG_WARN_EMPTY_BODY = YES;
				CLANG_WARN_ENUM_CONVERSION = YES;
				CLANG_WARN_INFINITE_RECURSION = YES;
				CLANG_WARN_INT_CONVERSION = YES;
				CLANG_WARN_NON_LITERAL_NULL_CONVERSION = YES;
				CLANG_WARN_OBJC_IMPLICIT_RETAIN_SELF = YES;
				CLANG_WARN_OBJC_LITERAL_CONVERSION = YES;
				CLANG_WARN_OBJC_ROOT_CLASS = YES_ERROR;
				CLANG_WARN_RANGE_LOOP_ANALYSIS = YES;
				CLANG_WARN_STRICT_PROTOTYPES = YES;
				CLANG_WARN_SUSPICIOUS_MOVE = YES;
				CLANG_WARN_UNGUARDED_AVAILABILITY = YES_AGGRESSIVE;
				CLANG_WARN_UNREACHABLE_CODE = YES;
				CLANG_WARN__DUPLICATE_METHOD_MATCH = YES;
				CODE_SIGN_IDENTITY = "iPhone Developer";
				COPY_PHASE_STRIP = NO;
				DEBUG_INFORMATION_FORMAT = "dwarf-with-dsym";
				ENABLE_NS_ASSERTIONS = NO;
				ENABLE_STRICT_OBJC_MSGSEND = YES;
				GCC_C_LANGUAGE_STANDARD = gnu11;
				GCC_NO_COMMON_BLOCKS = YES;
				GCC_WARN_64_TO_32_BIT_CONVERSION = YES;
				GCC_WARN_ABOUT_RETURN_TYPE = YES_ERROR;
				GCC_WARN_UNDECLARED_SELECTOR = YES;
				GCC_WARN_UNINITIALIZED_AUTOS = YES_AGGRESSIVE;
				GCC_WARN_UNUSED_FUNCTION = YES;
				GCC_WARN_UNUSED_VARIABLE = YES;
				IPHONEOS_DEPLOYMENT_TARGET = 12.1;
				MTL_ENABLE_DEBUG_INFO = NO;
				MTL_FAST_MATH = YES;
				SDKROOT = iphoneos;
				SWIFT_COMPILATION_MODE = wholemodule;
				SWIFT_OPTIMIZATION_LEVEL = "-O";
				VALIDATE_PRODUCT = YES;
			};
			name = Release;
		};
		64C2E96B221AF4EB00F40AFB /* Debug */ = {
			isa = XCBuildConfiguration;
			buildSettings = {
				ASSETCATALOG_COMPILER_APPICON_NAME = AppIcon;
				CODE_SIGN_STYLE = Automatic;
				DEVELOPMENT_TEAM = 7V4Y724MB6;
				INFOPLIST_FILE = FoodTrackerZMB/Info.plist;
				LD_RUNPATH_SEARCH_PATHS = (
					"$(inherited)",
					"@executable_path/Frameworks",
				);
				PRODUCT_BUNDLE_IDENTIFIER = com.edu.ZaneBurton.FoodTrackerZMB;
				PRODUCT_NAME = "$(TARGET_NAME)";
				SWIFT_VERSION = 4.2;
				TARGETED_DEVICE_FAMILY = "1,2";
			};
			name = Debug;
		};
		64C2E96C221AF4EB00F40AFB /* Release */ = {
			isa = XCBuildConfiguration;
			buildSettings = {
				ASSETCATALOG_COMPILER_APPICON_NAME = AppIcon;
				CODE_SIGN_STYLE = Automatic;
				DEVELOPMENT_TEAM = 7V4Y724MB6;
				INFOPLIST_FILE = FoodTrackerZMB/Info.plist;
				LD_RUNPATH_SEARCH_PATHS = (
					"$(inherited)",
					"@executable_path/Frameworks",
				);
				PRODUCT_BUNDLE_IDENTIFIER = com.edu.ZaneBurton.FoodTrackerZMB;
				PRODUCT_NAME = "$(TARGET_NAME)";
				SWIFT_VERSION = 4.2;
				TARGETED_DEVICE_FAMILY = "1,2";
			};
			name = Release;
		};
		64C2E96E221AF4EB00F40AFB /* Debug */ = {
			isa = XCBuildConfiguration;
			buildSettings = {
				ALWAYS_EMBED_SWIFT_STANDARD_LIBRARIES = YES;
				CODE_SIGN_STYLE = Automatic;
				DEVELOPMENT_TEAM = 7V4Y724MB6;
				INFOPLIST_FILE = FoodTrackerZMBUITests/Info.plist;
				LD_RUNPATH_SEARCH_PATHS = (
					"$(inherited)",
					"@executable_path/Frameworks",
					"@loader_path/Frameworks",
				);
				PRODUCT_BUNDLE_IDENTIFIER = com.edu.ZaneBurton.FoodTrackerZMBUITests;
				PRODUCT_NAME = "$(TARGET_NAME)";
				SWIFT_VERSION = 4.2;
				TARGETED_DEVICE_FAMILY = "1,2";
				TEST_TARGET_NAME = FoodTrackerZMB;
			};
			name = Debug;
		};
		64C2E96F221AF4EB00F40AFB /* Release */ = {
			isa = XCBuildConfiguration;
			buildSettings = {
				ALWAYS_EMBED_SWIFT_STANDARD_LIBRARIES = YES;
				CODE_SIGN_STYLE = Automatic;
				DEVELOPMENT_TEAM = 7V4Y724MB6;
				INFOPLIST_FILE = FoodTrackerZMBUITests/Info.plist;
				LD_RUNPATH_SEARCH_PATHS = (
					"$(inherited)",
					"@executable_path/Frameworks",
					"@loader_path/Frameworks",
				);
				PRODUCT_BUNDLE_IDENTIFIER = com.edu.ZaneBurton.FoodTrackerZMBUITests;
				PRODUCT_NAME = "$(TARGET_NAME)";
				SWIFT_VERSION = 4.2;
				TARGETED_DEVICE_FAMILY = "1,2";
				TEST_TARGET_NAME = FoodTrackerZMB;
			};
			name = Release;
		};
/* End XCBuildConfiguration section */

/* Begin XCConfigurationList section */
		64C2E948221AF4E500F40AFB /* Build configuration list for PBXProject "FoodTrackerZMB" */ = {
			isa = XCConfigurationList;
			buildConfigurations = (
				64C2E968221AF4EB00F40AFB /* Debug */,
				64C2E969221AF4EB00F40AFB /* Release */,
			);
			defaultConfigurationIsVisible = 0;
			defaultConfigurationName = Release;
		};
		64C2E96A221AF4EB00F40AFB /* Build configuration list for PBXNativeTarget "FoodTrackerZMB" */ = {
			isa = XCConfigurationList;
			buildConfigurations = (
				64C2E96B221AF4EB00F40AFB /* Debug */,
				64C2E96C221AF4EB00F40AFB /* Release */,
			);
			defaultConfigurationIsVisible = 0;
			defaultConfigurationName = Release;
		};
		64C2E96D221AF4EB00F40AFB /* Build configuration list for PBXNativeTarget "FoodTrackerZMBUITests" */ = {
			isa = XCConfigurationList;
			buildConfigurations = (
				64C2E96E221AF4EB00F40AFB /* Debug */,
				64C2E96F221AF4EB00F40AFB /* Release */,
			);
			defaultConfigurationIsVisible = 0;
			defaultConfigurationName = Release;
		};
/* End XCConfigurationList section */
	};
	rootObject = 64C2E945221AF4E500F40AFB /* Project object */;
}
